
Microsoft Visual Studio Solution File, Format Version 12.00
# Visual Studio Version 17
VisualStudioVersion = 17.5.33414.496
MinimumVisualStudioVersion = 10.0.40219.1
Project("{9A19103F-16F7-4668-BE54-9A1E7A4F7556}") = "dice_roller", "DiceRoller\dice_roller.csproj", "{1598C970-9DE1-480C-A6EB-F75F81639257}"
EndProject
Project("{9A19103F-16F7-4668-BE54-9A1E7A4F7556}") = "example", "example\example.csproj", "{00485398-48EE-4A50-9AAD-A1E7E192E554}"
EndProject
Global
	GlobalSection(SolutionConfigurationPlatforms) = preSolution
		Debug|Any CPU = Debug|Any CPU
		Release|Any CPU = Release|Any CPU
	EndGlobalSection
	GlobalSection(ProjectConfigurationPlatforms) = postSolution
		{1598C970-9DE1-480C-A6EB-F75F81639257}.Debug|Any CPU.ActiveCfg = Debug|Any CPU
		{1598C970-9DE1-480C-A6EB-F75F81639257}.Debug|Any CPU.Build.0 = Debug|Any CPU
		{1598C970-9DE1-480C-A6EB-F75F81639257}.Release|Any CPU.ActiveCfg = Release|Any CPU
		{1598C970-9DE1-480C-A6EB-F75F81639257}.Release|Any CPU.Build.0 = Release|Any CPU
		{00485398-48EE-4A50-9AAD-A1E7E192E554}.Debug|Any CPU.ActiveCfg = Debug|Any CPU
		{00485398-48EE-4A50-9AAD-A1E7E192E554}.Debug|Any CPU.Build.0 = Debug|Any CPU
		{00485398-48EE-4A50-9AAD-A1E7E192E554}.Release|Any CPU.ActiveCfg = Release|Any CPU
		{00485398-48EE-4A50-9AAD-A1E7E192E554}.Release|Any CPU.Build.0 = Release|Any CPU
	EndGlobalSection
	GlobalSection(SolutionProperties) = preSolution
		HideSolutionNode = FALSE
	EndGlobalSection
	GlobalSection(ExtensibilityGlobals) = postSolution
		SolutionGuid = {7288B997-7AC4-4801-B009-2B5330C4F689}
	EndGlobalSection
EndGlobal
